
Microsoft Visual Studio Solution File, Format Version 12.00
# Visual Studio Version 16
VisualStudioVersion = 16.0.31829.152
MinimumVisualStudioVersion = 10.0.40219.1
Project("{8BC9CEB8-8B4A-11D0-8D11-00A0C91BC942}") = "lab-prog-finale1", "lab-prog-finale1\lab-prog-finale1.vcxproj", "{8BB3533E-1C94-4233-AFB5-B9C78730EFDB}"
EndProject
Global
	GlobalSection(SolutionConfigurationPlatforms) = preSolution
		Debug|x64 = Debug|x64
		Debug|x86 = Debug|x86
		Release|x64 = Release|x64
		Release|x86 = Release|x86
	EndGlobalSection
	GlobalSection(ProjectConfigurationPlatforms) = postSolution
		{8BB3533E-1C94-4233-AFB5-B9C78730EFDB}.Debug|x64.ActiveCfg = Debug|x64
		{8BB3533E-1C94-4233-AFB5-B9C78730EFDB}.Debug|x64.Build.0 = Debug|x64
		{8BB3533E-1C94-4233-AFB5-B9C78730EFDB}.Debug|x86.ActiveCfg = Debug|Win32
		{8BB3533E-1C94-4233-AFB5-B9C78730EFDB}.Debug|x86.Build.0 = Debug|Win32
		{8BB3533E-1C94-4233-AFB5-B9C78730EFDB}.Release|x64.ActiveCfg = Release|x64
		{8BB3533E-1C94-4233-AFB5-B9C78730EFDB}.Release|x64.Build.0 = Release|x64
		{8BB3533E-1C94-4233-AFB5-B9C78730EFDB}.Release|x86.ActiveCfg = Release|Win32
		{8BB3533E-1C94-4233-AFB5-B9C78730EFDB}.Release|x86.Build.0 = Release|Win32
	EndGlobalSection
	GlobalSection(SolutionProperties) = preSolution
		HideSolutionNode = FALSE
	EndGlobalSection
	GlobalSection(ExtensibilityGlobals) = postSolution
		SolutionGuid = {45D37248-0F76-4C3F-A8DD-34D48912FC9A}
	EndGlobalSection
EndGlobal
